PODS:
  - expelliarmus (1.0)

DEPENDENCIES:
  - expelliarmus (from `../expelliarmus`)

EXTERNAL SOURCES:
  expelliarmus:
    :path: "../expelliarmus"

SPEC CHECKSUMS:
  expelliarmus: 5ec83bfa9abc9842f5a2ca38531ca79b7ef6afc2

PODFILE CHECKSUM: f4fae667bc65110c9cf0bcb706e363964a42033c

COCOAPODS: 1.11.3
